<?xml version="1.0" encoding="utf-8"?>
<Project ToolsVersion="4.0" xmlns="http://schemas.microsoft.com/developer/msbuild/2003">
  <ItemGroup>
    <Filter Include="99.Defines">
      <UniqueIdentifier>{c97b62e1-26b8-437d-b3de-0d9d5445f414}</UniqueIdentifier>
    </Filter>
    <Filter Include="98.Default">
      <UniqueIdentifier>{728a900b-3685-4452-a6ae-b82a17c7e63f}</UniqueIdentifier>
    </Filter>
    <Filter Include="00.MainApp">
      <UniqueIdentifier>{bdd4a935-b20f-47a5-bf83-4e2952e2c6f1}</UniqueIdentifier>
    </Filter>
    <Filter Include="01.Levels">
      <UniqueIdentifier>{cb4350f1-3e29-4ead-b993-68bc255c8704}</UniqueIdentifier>
    </Filter>
    <Filter Include="01.Levels\Loading">
      <UniqueIdentifier>{cad4621e-281a-4009-9890-0044e3fce66c}</UniqueIdentifier>
    </Filter>
    <Filter Include="01.Levels\Loading\Loader">
      <UniqueIdentifier>{1c661d94-d467-4c27-a3f8-4da71a1c898a}</UniqueIdentifier>
    </Filter>
    <Filter Include="01.Levels\Logo">
      <UniqueIdentifier>{b684fa80-8a44-48d3-8763-79acbba3a849}</UniqueIdentifier>
    </Filter>
    <Filter Include="01.Levels\GamePlay">
      <UniqueIdentifier>{490444ba-eab1-44cf-9259-6b16f02e8e25}</UniqueIdentifier>
    </Filter>
    <Filter Include="02.GameObjects">
      <UniqueIdentifier>{6822825a-d704-42c1-aab4-274a2e135da0}</UniqueIdentifier>
    </Filter>
    <Filter Include="97.ShaderFiles">
      <UniqueIdentifier>{507ab255-2867-4b63-af58-8b83869d73c0}</UniqueIdentifier>
    </Filter>
    <Filter Include="02.GameObjects\Terrain">
      <UniqueIdentifier>{dc5e8020-4281-4530-b056-77880a022be3}</UniqueIdentifier>
    </Filter>
    <Filter Include="02.GameObjects\Camera">
      <UniqueIdentifier>{7d618e25-0528-446c-92ad-16445d580999}</UniqueIdentifier>
    </Filter>
    <Filter Include="02.GameObjects\Camera\Camera_Free">
      <UniqueIdentifier>{e8f970d2-b175-47c4-a873-6e830087333c}</UniqueIdentifier>
    </Filter>
    <Filter Include="03.UI">
      <UniqueIdentifier>{26a93148-3e39-4e69-b24b-b4ce0e2a43f9}</UniqueIdentifier>
    </Filter>
    <Filter Include="03.UI\Loading">
      <UniqueIdentifier>{e4c8fd39-6cef-43ed-bd06-88736f3a9cd5}</UniqueIdentifier>
    </Filter>
    <Filter Include="03.UI\BackGround">
      <UniqueIdentifier>{045c1a1c-a8ed-4e5b-bc33-e5328ed48bf1}</UniqueIdentifier>
    </Filter>
    <Filter Include="02.GameObjects\Monster">
      <UniqueIdentifier>{385da0ec-e8b9-4ac6-a34c-5bc6fbcafb01}</UniqueIdentifier>
    </Filter>
    <Filter Include="100.IMGUI">
      <UniqueIdentifier>{b847b210-426a-4e8d-abae-91c5e492973a}</UniqueIdentifier>
    </Filter>
    <Filter Include="100.IMGUI\Manager">
      <UniqueIdentifier>{0563d2c5-f2b3-4166-96aa-dbb197923520}</UniqueIdentifier>
    </Filter>
  </ItemGroup>
  <ItemGroup>
    <ClInclude Include="Client.h">
      <Filter>98.Default</Filter>
    </ClInclude>
    <ClInclude Include="framework.h">
      <Filter>98.Default</Filter>
    </ClInclude>
    <ClInclude Include="Resource.h">
      <Filter>98.Default</Filter>
    </ClInclude>
    <ClInclude Include="targetver.h">
      <Filter>98.Default</Filter>
    </ClInclude>
    <ClInclude Include="..\Public\MainApp.h">
      <Filter>00.MainApp</Filter>
    </ClInclude>
    <ClInclude Include="..\Public\Level_Logo.h">
      <Filter>01.Levels\Logo</Filter>
    </ClInclude>
    <ClInclude Include="..\Public\Level_Loading.h">
      <Filter>01.Levels\Loading</Filter>
    </ClInclude>
    <ClInclude Include="..\Public\Level_GamePlay.h">
      <Filter>01.Levels\GamePlay</Filter>
    </ClInclude>
    <ClInclude Include="..\Public\Loader.h">
      <Filter>01.Levels\Loading\Loader</Filter>
    </ClInclude>
    <ClInclude Include="..\Public\Client_Defines.h">
      <Filter>99.Defines</Filter>
    </ClInclude>
    <ClInclude Include="..\Public\BackGround.h">
      <Filter>03.UI\BackGround</Filter>
    </ClInclude>
    <ClInclude Include="..\public\Terrain.h">
      <Filter>02.GameObjects\Terrain</Filter>
    </ClInclude>
    <ClInclude Include="..\public\Camera_Free.h">
      <Filter>02.GameObjects\Camera\Camera_Free</Filter>
    </ClInclude>
    <ClInclude Include="..\public\Loading_BackGround.h">
      <Filter>03.UI\Loading</Filter>
    </ClInclude>
    <ClInclude Include="..\public\Loading_Bar_BackGround.h">
      <Filter>03.UI\Loading</Filter>
    </ClInclude>
    <ClInclude Include="..\public\Loading_Bar.h">
      <Filter>03.UI\Loading</Filter>
    </ClInclude>
    <ClInclude Include="..\public\Loading_Circle.h">
      <Filter>03.UI\Loading</Filter>
    </ClInclude>
    <ClInclude Include="..\public\Monster.h">
      <Filter>02.GameObjects\Monster</Filter>
    </ClInclude>
    <ClInclude Include="..\Public\ImGui\imconfig.h">
      <Filter>100.IMGUI</Filter>
    </ClInclude>
    <ClInclude Include="..\Public\ImGui\imgui.h">
      <Filter>100.IMGUI</Filter>
    </ClInclude>
    <ClInclude Include="..\Public\ImGui\imgui_impl_dx11.h">
      <Filter>100.IMGUI</Filter>
    </ClInclude>
    <ClInclude Include="..\Public\ImGui\imgui_impl_win32.h">
      <Filter>100.IMGUI</Filter>
    </ClInclude>
    <ClInclude Include="..\Public\ImGui\imgui_internal.h">
      <Filter>100.IMGUI</Filter>
    </ClInclude>
    <ClInclude Include="..\Public\ImGui\imstb_rectpack.h">
      <Filter>100.IMGUI</Filter>
    </ClInclude>
    <ClInclude Include="..\Public\ImGui\imstb_textedit.h">
      <Filter>100.IMGUI</Filter>
    </ClInclude>
    <ClInclude Include="..\Public\ImGui\imstb_truetype.h">
      <Filter>100.IMGUI</Filter>
    </ClInclude>
    <ClInclude Include="..\public\Imgui_Manager.h">
      <Filter>100.IMGUI\Manager</Filter>
    </ClInclude>
  </ItemGroup>
  <ItemGroup>
    <Image Include="Client.ico">
      <Filter>98.Default</Filter>
    </Image>
    <Image Include="small.ico">
      <Filter>98.Default</Filter>
    </Image>
  </ItemGroup>
  <ItemGroup>
    <ResourceCompile Include="Client.rc">
      <Filter>98.Default</Filter>
    </ResourceCompile>
  </ItemGroup>
  <ItemGroup>
    <ClCompile Include="Client.cpp">
      <Filter>98.Default</Filter>
    </ClCompile>
    <ClCompile Include="..\Private\MainApp.cpp">
      <Filter>00.MainApp</Filter>
    </ClCompile>
    <ClCompile Include="..\Private\Level_Logo.cpp">
      <Filter>01.Levels\Logo</Filter>
    </ClCompile>
    <ClCompile Include="..\Private\Level_Loading.cpp">
      <Filter>01.Levels\Loading</Filter>
    </ClCompile>
    <ClCompile Include="..\Private\Level_GamePlay.cpp">
      <Filter>01.Levels\GamePlay</Filter>
    </ClCompile>
    <ClCompile Include="..\Private\Loader.cpp">
      <Filter>01.Levels\Loading\Loader</Filter>
    </ClCompile>
    <ClCompile Include="..\Private\BackGround.cpp">
      <Filter>03.UI\BackGround</Filter>
    </ClCompile>
    <ClCompile Include="..\private\Terrain.cpp">
      <Filter>02.GameObjects\Terrain</Filter>
    </ClCompile>
    <ClCompile Include="..\private\Camera_Free.cpp">
      <Filter>02.GameObjects\Camera\Camera_Free</Filter>
    </ClCompile>
    <ClCompile Include="..\private\Loading_BackGround.cpp">
      <Filter>03.UI\Loading</Filter>
    </ClCompile>
    <ClCompile Include="..\private\Loading_Circle.cpp">
      <Filter>03.UI\Loading</Filter>
    </ClCompile>
    <ClCompile Include="..\Private\Loading_Bar.cpp">
      <Filter>03.UI\Loading</Filter>
    </ClCompile>
    <ClCompile Include="..\Private\Loading_Bar_BackGround.cpp">
      <Filter>03.UI\Loading</Filter>
    </ClCompile>
    <ClCompile Include="..\private\Monster.cpp">
      <Filter>02.GameObjects\Monster</Filter>
    </ClCompile>
    <ClCompile Include="..\Public\ImGui\imgui.cpp">
      <Filter>100.IMGUI</Filter>
    </ClCompile>
    <ClCompile Include="..\Public\ImGui\imgui_demo.cpp">
      <Filter>100.IMGUI</Filter>
    </ClCompile>
    <ClCompile Include="..\Public\ImGui\imgui_draw.cpp">
      <Filter>100.IMGUI</Filter>
    </ClCompile>
    <ClCompile Include="..\Public\ImGui\imgui_impl_dx11.cpp">
      <Filter>100.IMGUI</Filter>
    </ClCompile>
    <ClCompile Include="..\Public\ImGui\imgui_impl_win32.cpp">
      <Filter>100.IMGUI</Filter>
    </ClCompile>
    <ClCompile Include="..\Public\ImGui\imgui_tables.cpp">
      <Filter>100.IMGUI</Filter>
    </ClCompile>
    <ClCompile Include="..\Public\ImGui\imgui_widgets.cpp">
      <Filter>100.IMGUI</Filter>
    </ClCompile>
    <ClCompile Include="..\private\Imgui_Manager.cpp">
      <Filter>100.IMGUI\Manager</Filter>
    </ClCompile>
  </ItemGroup>
  <ItemGroup>
    <FxCompile Include="..\Bin\ShaderFiles\Shader_VtxPosTex.hlsl">
      <Filter>97.ShaderFiles</Filter>
    </FxCompile>
    <FxCompile Include="..\Bin\ShaderFiles\Shader_VtxNorTex.hlsl">
      <Filter>97.ShaderFiles</Filter>
    </FxCompile>
    <FxCompile Include="..\Bin\ShaderFiles\Shader_VtxMesh.hlsl">
      <Filter>97.ShaderFiles</Filter>
    </FxCompile>
    <FxCompile Include="..\Bin\ShaderFiles\Shader_VtxAnimMesh.hlsl">
      <Filter>97.ShaderFiles</Filter>
    </FxCompile>
  </ItemGroup>
</Project>